{
    "version": 3,
    "terraform_version": "0.11.10",
    "serial": 4,
    "lineage": "17090ec2-4960-8938-a03a-ef10ef602898",
    "modules": [
        {
            "path": [
                "root"
            ],
            "outputs": {},
            "resources": {
                "aws_elb.load_balancer": {
                    "type": "aws_elb",
                    "depends_on": [
                        "aws_security_group.elb_security_group",
                        "data.aws_availability_zones.all"
                    ],
                    "primary": {
                        "id": "TechRadarTwoLoadBalancer",
                        "attributes": {
                            "availability_zones.#": "3",
                            "availability_zones.1726430690": "us-east-2b",
                            "availability_zones.299896180": "us-east-2c",
                            "availability_zones.4293815384": "us-east-2a",
                            "id": "TechRadarTwoLoadBalancer",
                            "listener.#": "1",
                            "listener.3057123346.instance_port": "80",
                            "listener.3057123346.instance_protocol": "http",
                            "listener.3057123346.lb_port": "80",
                            "listener.3057123346.lb_protocol": "http",
                            "listener.3057123346.ssl_certificate_id": "",
                            "name": "TechRadarTwoLoadBalancer",
                            "security_groups.#": "1",
                            "security_groups.2876206519": "sg-009cc039dfefe47a8",
                            "subnets.#": "0"
                        },
                        "meta": {},
                        "tainted": false
                    },
                    "deposed": [],
                    "provider": "provider.aws"
                },
                "aws_security_group.elb_security_group": {
                    "type": "aws_security_group",
                    "depends_on": [],
                    "primary": {
                        "id": "sg-009cc039dfefe47a8",
                        "attributes": {
                            "arn": "arn:aws:ec2:us-east-2:215561421394:security-group/sg-009cc039dfefe47a8",
                            "description": "Managed by Terraform",
                            "egress.#": "1",
                            "egress.482069346.cidr_blocks.#": "1",
                            "egress.482069346.cidr_blocks.0": "0.0.0.0/0",
                            "egress.482069346.description": "",
                            "egress.482069346.from_port": "0",
                            "egress.482069346.ipv6_cidr_blocks.#": "0",
                            "egress.482069346.prefix_list_ids.#": "0",
                            "egress.482069346.protocol": "-1",
                            "egress.482069346.security_groups.#": "0",
                            "egress.482069346.self": "false",
                            "egress.482069346.to_port": "0",
                            "id": "sg-009cc039dfefe47a8",
                            "ingress.#": "1",
                            "ingress.2214680975.cidr_blocks.#": "1",
                            "ingress.2214680975.cidr_blocks.0": "0.0.0.0/0",
                            "ingress.2214680975.description": "",
                            "ingress.2214680975.from_port": "80",
                            "ingress.2214680975.ipv6_cidr_blocks.#": "0",
                            "ingress.2214680975.prefix_list_ids.#": "0",
                            "ingress.2214680975.protocol": "tcp",
                            "ingress.2214680975.security_groups.#": "0",
                            "ingress.2214680975.self": "false",
                            "ingress.2214680975.to_port": "80",
                            "name": "TechnologyRadarTwoELBSecurityGroup",
                            "owner_id": "215561421394",
                            "revoke_rules_on_delete": "false",
                            "tags.%": "0",
                            "vpc_id": "vpc-61bc4f08"
                        },
                        "meta": {
                            "e2bfb730-ecaa-11e6-8f88-34363bc7c4c0": {
                                "create": 600000000000,
                                "delete": 600000000000
                            },
                            "schema_version": "1"
                        },
                        "tainted": false
                    },
                    "deposed": [],
                    "provider": "provider.aws"
                },
                "aws_security_group.security_group": {
                    "type": "aws_security_group",
                    "depends_on": [],
                    "primary": {
                        "id": "sg-0abca5f98045ae6e9",
                        "attributes": {
                            "arn": "arn:aws:ec2:us-east-2:215561421394:security-group/sg-0abca5f98045ae6e9",
                            "description": "Managed by Terraform",
                            "egress.#": "0",
                            "id": "sg-0abca5f98045ae6e9",
                            "ingress.#": "1",
                            "ingress.2214680975.cidr_blocks.#": "1",
                            "ingress.2214680975.cidr_blocks.0": "0.0.0.0/0",
                            "ingress.2214680975.description": "",
                            "ingress.2214680975.from_port": "80",
                            "ingress.2214680975.ipv6_cidr_blocks.#": "0",
                            "ingress.2214680975.prefix_list_ids.#": "0",
                            "ingress.2214680975.protocol": "tcp",
                            "ingress.2214680975.security_groups.#": "0",
                            "ingress.2214680975.self": "false",
                            "ingress.2214680975.to_port": "80",
                            "name": "TechnologyRadarTwoSecurityGroup",
                            "owner_id": "215561421394",
                            "revoke_rules_on_delete": "false",
                            "tags.%": "0",
                            "vpc_id": "vpc-61bc4f08"
                        },
                        "meta": {
                            "e2bfb730-ecaa-11e6-8f88-34363bc7c4c0": {
                                "create": 600000000000,
                                "delete": 600000000000
                            },
                            "schema_version": "1"
                        },
                        "tainted": false
                    },
                    "deposed": [],
                    "provider": "provider.aws"
                },
                "aws_security_group_rule.ssh": {
                    "type": "aws_security_group_rule",
                    "depends_on": [
                        "aws_security_group.security_group"
                    ],
                    "primary": {
                        "id": "sgrule-357532402",
                        "attributes": {
                            "cidr_blocks.#": "1",
                            "cidr_blocks.0": "172.30.6.0/24",
                            "from_port": "22",
                            "id": "sgrule-357532402",
                            "protocol": "tcp",
                            "security_group_id": "sg-0abca5f98045ae6e9",
                            "self": "false",
                            "to_port": "22",
                            "type": "ingress"
                        },
                        "meta": {
                            "schema_version": "2"
                        },
                        "tainted": false
                    },
                    "deposed": [],
                    "provider": "provider.aws"
                },
                "data.aws_availability_zones.all": {
                    "type": "aws_availability_zones",
                    "depends_on": [],
                    "primary": {
                        "id": "2018-12-17 19:52:38.9084976 +0000 UTC",
                        "attributes": {
                            "id": "2018-12-17 19:52:38.9084976 +0000 UTC",
                            "names.#": "3",
                            "names.0": "us-east-2a",
                            "names.1": "us-east-2b",
                            "names.2": "us-east-2c",
                            "zone_ids.#": "3",
                            "zone_ids.0": "use2-az1",
                            "zone_ids.1": "use2-az2",
                            "zone_ids.2": "use2-az3"
                        },
                        "meta": {},
                        "tainted": false
                    },
                    "deposed": [],
                    "provider": "provider.aws"
                }
            },
            "depends_on": []
        }
    ]
}
